# generated by rye
# use `rye lock` or `rye sync` to update this lockfile
#
# last locked with the following flags:
#   pre: false
#   features: []
#   all-features: false
#   with-sources: false
#   generate-hashes: false
#   universal: false

-e file:.
colorama==0.4.6
    # via pytest
coverage==7.8.0
    # via pytest-cov
iniconfig==2.1.0
    # via pytest
packaging==25.0
    # via pytest
pluggy==1.6.0
    # via pytest
pygame==2.6.1
    # via simple-game
pytest==8.3.5
    # via pytest-cov
pytest-cov==6.1.1
